
Microsoft Visual Studio Solution File, Format Version 12.00
# Visual Studio Version 16
VisualStudioVersion = 16.0.29123.88
MinimumVisualStudioVersion = 10.0.40219.1
Project("{FAE04EC0-301F-11D3-BF4B-00C04F79EFBC}") = "ValidateLDAP", "ValidateLDAP\ValidateLDAP.csproj", "{B8C84127-4B22-425F-A9E3-4D25A741DCC9}"
EndProject
Global
	GlobalSection(SolutionConfigurationPlatforms) = preSolution
		Debug|Any CPU = Debug|Any CPU
		Release|Any CPU = Release|Any CPU
	EndGlobalSection
	GlobalSection(ProjectConfigurationPlatforms) = postSolution
		{B8C84127-4B22-425F-A9E3-4D25A741DCC9}.Debug|Any CPU.ActiveCfg = Debug|Any CPU
		{B8C84127-4B22-425F-A9E3-4D25A741DCC9}.Debug|Any CPU.Build.0 = Debug|Any CPU
		{B8C84127-4B22-425F-A9E3-4D25A741DCC9}.Release|Any CPU.ActiveCfg = Release|Any CPU
		{B8C84127-4B22-425F-A9E3-4D25A741DCC9}.Release|Any CPU.Build.0 = Release|Any CPU
	EndGlobalSection
	GlobalSection(SolutionProperties) = preSolution
		HideSolutionNode = FALSE
	EndGlobalSection
	GlobalSection(ExtensibilityGlobals) = postSolution
		SolutionGuid = {9DE1B3D5-D120-4375-B273-BF15A0CA72E3}
	EndGlobalSection
EndGlobal
